// !$*UTF8*$!
{
	archiveVersion = 1;
	classes = {
	};
	objectVersion = 50;
	objects = {

/* Begin PBXBuildFile section */
		5C573AE3279C09FD00435066 /* AppDelegate.swift in Sources */ = {isa = PBXBuildFile; fileRef = 5C573AE2279C09FD00435066 /* AppDelegate.swift */; };
		5C573AE5279C09FD00435066 /* SceneDelegate.swift in Sources */ = {isa = PBXBuildFile; fileRef = 5C573AE4279C09FD00435066 /* SceneDelegate.swift */; };
		5C573AEC279C0A0600435066 /* Assets.xcassets in Resources */ = {isa = PBXBuildFile; fileRef = 5C573AEB279C0A0600435066 /* Assets.xcassets */; };
		5C573AEF279C0A0600435066 /* LaunchScreen.storyboard in Resources */ = {isa = PBXBuildFile; fileRef = 5C573AED279C0A0600435066 /* LaunchScreen.storyboard */; };
		5C573AFE279C258A00435066 /* CalculatorViewController.swift in Sources */ = {isa = PBXBuildFile; fileRef = 5C573AFC279C258A00435066 /* CalculatorViewController.swift */; };
		5C573AFF279C258A00435066 /* CalculatorViewController.xib in Resources */ = {isa = PBXBuildFile; fileRef = 5C573AFD279C258A00435066 /* CalculatorViewController.xib */; };
		5C573B02279C518300435066 /* CalculatorPresenter.swift in Sources */ = {isa = PBXBuildFile; fileRef = 5C573B01279C518300435066 /* CalculatorPresenter.swift */; };
		5C573B05279C543600435066 /* CalculatorModel.swift in Sources */ = {isa = PBXBuildFile; fileRef = 5C573B04279C543600435066 /* CalculatorModel.swift */; };
		5C573B09279C561D00435066 /* calculatorOperationCell.swift in Sources */ = {isa = PBXBuildFile; fileRef = 5C573B07279C561D00435066 /* calculatorOperationCell.swift */; };
		5C573B0A279C561D00435066 /* calculatorOperationCell.xib in Resources */ = {isa = PBXBuildFile; fileRef = 5C573B08279C561D00435066 /* calculatorOperationCell.xib */; };
		5C6F85E8279CA55C00620026 /* CustomeTabViewController.swift in Sources */ = {isa = PBXBuildFile; fileRef = 5C6F85E7279CA55C00620026 /* CustomeTabViewController.swift */; };
		5C6F85EF279CA7AE00620026 /* CurrencyConverterViewController.swift in Sources */ = {isa = PBXBuildFile; fileRef = 5C6F85ED279CA7AE00620026 /* CurrencyConverterViewController.swift */; };
		5C6F85F0279CA7AE00620026 /* CurrencyConverterViewController.xib in Resources */ = {isa = PBXBuildFile; fileRef = 5C6F85EE279CA7AE00620026 /* CurrencyConverterViewController.xib */; };
		5CA67CE2279DBC3A009C6E5D /* OperationHandler.swift in Sources */ = {isa = PBXBuildFile; fileRef = 5CA67CE1279DBC3A009C6E5D /* OperationHandler.swift */; };
/* End PBXBuildFile section */

/* Begin PBXFileReference section */
		5C573ADF279C09FD00435066 /* Calculator.app */ = {isa = PBXFileReference; explicitFileType = wrapper.application; includeInIndex = 0; path = Calculator.app; sourceTree = BUILT_PRODUCTS_DIR; };
		5C573AE2279C09FD00435066 /* AppDelegate.swift */ = {isa = PBXFileReference; lastKnownFileType = sourcecode.swift; path = AppDelegate.swift; sourceTree = "<group>"; };
		5C573AE4279C09FD00435066 /* SceneDelegate.swift */ = {isa = PBXFileReference; lastKnownFileType = sourcecode.swift; path = SceneDelegate.swift; sourceTree = "<group>"; };
		5C573AEB279C0A0600435066 /* Assets.xcassets */ = {isa = PBXFileReference; lastKnownFileType = folder.assetcatalog; path = Assets.xcassets; sourceTree = "<group>"; };
		5C573AEE279C0A0600435066 /* Base */ = {isa = PBXFileReference; lastKnownFileType = file.storyboard; name = Base; path = Base.lproj/LaunchScreen.storyboard; sourceTree = "<group>"; };
		5C573AF0279C0A0600435066 /* Info.plist */ = {isa = PBXFileReference; lastKnownFileType = text.plist.xml; path = Info.plist; sourceTree = "<group>"; };
		5C573AFC279C258A00435066 /* CalculatorViewController.swift */ = {isa = PBXFileReference; lastKnownFileType = sourcecode.swift; path = CalculatorViewController.swift; sourceTree = "<group>"; };
		5C573AFD279C258A00435066 /* CalculatorViewController.xib */ = {isa = PBXFileReference; lastKnownFileType = file.xib; path = CalculatorViewController.xib; sourceTree = "<group>"; };
		5C573B01279C518300435066 /* CalculatorPresenter.swift */ = {isa = PBXFileReference; lastKnownFileType = sourcecode.swift; path = CalculatorPresenter.swift; sourceTree = "<group>"; };
		5C573B04279C543600435066 /* CalculatorModel.swift */ = {isa = PBXFileReference; lastKnownFileType = sourcecode.swift; path = CalculatorModel.swift; sourceTree = "<group>"; };
		5C573B07279C561D00435066 /* calculatorOperationCell.swift */ = {isa = PBXFileReference; lastKnownFileType = sourcecode.swift; path = calculatorOperationCell.swift; sourceTree = "<group>"; };
		5C573B08279C561D00435066 /* calculatorOperationCell.xib */ = {isa = PBXFileReference; lastKnownFileType = file.xib; path = calculatorOperationCell.xib; sourceTree = "<group>"; };
		5C6F85E7279CA55C00620026 /* CustomeTabViewController.swift */ = {isa = PBXFileReference; lastKnownFileType = sourcecode.swift; path = CustomeTabViewController.swift; sourceTree = "<group>"; };
		5C6F85ED279CA7AE00620026 /* CurrencyConverterViewController.swift */ = {isa = PBXFileReference; lastKnownFileType = sourcecode.swift; path = CurrencyConverterViewController.swift; sourceTree = "<group>"; };
		5C6F85EE279CA7AE00620026 /* CurrencyConverterViewController.xib */ = {isa = PBXFileReference; lastKnownFileType = file.xib; path = CurrencyConverterViewController.xib; sourceTree = "<group>"; };
		5CA67CE1279DBC3A009C6E5D /* OperationHandler.swift */ = {isa = PBXFileReference; lastKnownFileType = sourcecode.swift; path = OperationHandler.swift; sourceTree = "<group>"; };
/* End PBXFileReference section */

/* Begin PBXFrameworksBuildPhase section */
		5C573ADC279C09FD00435066 /* Frameworks */ = {
			isa = PBXFrameworksBuildPhase;
			buildActionMask = 2147483647;
			files = (
			);
			runOnlyForDeploymentPostprocessing = 0;
		};
/* End PBXFrameworksBuildPhase section */

/* Begin PBXGroup section */
		5C573AD6279C09FD00435066 = {
			isa = PBXGroup;
			children = (
				5C573AE1279C09FD00435066 /* Calculator */,
				5C573AE0279C09FD00435066 /* Products */,
			);
			sourceTree = "<group>";
		};
		5C573AE0279C09FD00435066 /* Products */ = {
			isa = PBXGroup;
			children = (
				5C573ADF279C09FD00435066 /* Calculator.app */,
			);
			name = Products;
			sourceTree = "<group>";
		};
		5C573AE1279C09FD00435066 /* Calculator */ = {
			isa = PBXGroup;
			children = (
				5CA67CE0279DBBF1009C6E5D /* currency converter scene */,
				5C573AFB279C24D600435066 /* calculator scene */,
				5C573AFA279C24A700435066 /* launchScreen */,
				5C573AF9279C246E00435066 /* app& sceneDelegate */,
				5C573AEB279C0A0600435066 /* Assets.xcassets */,
				5C573AF0279C0A0600435066 /* Info.plist */,
				5C6F85E7279CA55C00620026 /* CustomeTabViewController.swift */,
			);
			path = Calculator;
			sourceTree = "<group>";
		};
		5C573AF9279C246E00435066 /* app& sceneDelegate */ = {
			isa = PBXGroup;
			children = (
				5C573AE2279C09FD00435066 /* AppDelegate.swift */,
				5C573AE4279C09FD00435066 /* SceneDelegate.swift */,
			);
			path = "app& sceneDelegate";
			sourceTree = "<group>";
		};
		5C573AFA279C24A700435066 /* launchScreen */ = {
			isa = PBXGroup;
			children = (
				5C573AED279C0A0600435066 /* LaunchScreen.storyboard */,
			);
			path = launchScreen;
			sourceTree = "<group>";
		};
		5C573AFB279C24D600435066 /* calculator scene */ = {
			isa = PBXGroup;
			children = (
				5C573AFC279C258A00435066 /* CalculatorViewController.swift */,
				5C573AFD279C258A00435066 /* CalculatorViewController.xib */,
				5C573B01279C518300435066 /* CalculatorPresenter.swift */,
				5C573B04279C543600435066 /* CalculatorModel.swift */,
				5C573B0C279C586B00435066 /* collectionView cell */,
				5CA67CE1279DBC3A009C6E5D /* OperationHandler.swift */,
			);
			path = "calculator scene";
			sourceTree = "<group>";
		};
		5C573B0C279C586B00435066 /* collectionView cell */ = {
			isa = PBXGroup;
			children = (
				5C573B07279C561D00435066 /* calculatorOperationCell.swift */,
				5C573B08279C561D00435066 /* calculatorOperationCell.xib */,
			);
			path = "collectionView cell";
			sourceTree = "<group>";
		};
		5CA67CE0279DBBF1009C6E5D /* currency converter scene */ = {
			isa = PBXGroup;
			children = (
				5C6F85ED279CA7AE00620026 /* CurrencyConverterViewController.swift */,
				5C6F85EE279CA7AE00620026 /* CurrencyConverterViewController.xib */,
			);
			path = "currency converter scene";
			sourceTree = "<group>";
		};
/* End PBXGroup section */

/* Begin PBXNativeTarget section */
		5C573ADE279C09FD00435066 /* Calculator */ = {
			isa = PBXNativeTarget;
			buildConfigurationList = 5C573AF3279C0A0600435066 /* Build configuration list for PBXNativeTarget "Calculator" */;
			buildPhases = (
				5C573ADB279C09FD00435066 /* Sources */,
				5C573ADC279C09FD00435066 /* Frameworks */,
				5C573ADD279C09FD00435066 /* Resources */,
			);
			buildRules = (
			);
			dependencies = (
			);
			name = Calculator;
			productName = Calculator;
			productReference = 5C573ADF279C09FD00435066 /* Calculator.app */;
			productType = "com.apple.product-type.application";
		};
/* End PBXNativeTarget section */

/* Begin PBXProject section */
		5C573AD7279C09FD00435066 /* Project object */ = {
			isa = PBXProject;
			attributes = {
				LastSwiftUpdateCheck = 1240;
				LastUpgradeCheck = 1240;
				TargetAttributes = {
					5C573ADE279C09FD00435066 = {
						CreatedOnToolsVersion = 12.4;
					};
				};
			};
			buildConfigurationList = 5C573ADA279C09FD00435066 /* Build configuration list for PBXProject "Calculator" */;
			compatibilityVersion = "Xcode 9.3";
			developmentRegion = en;
			hasScannedForEncodings = 0;
			knownRegions = (
				en,
				Base,
			);
			mainGroup = 5C573AD6279C09FD00435066;
			productRefGroup = 5C573AE0279C09FD00435066 /* Products */;
			projectDirPath = "";
			projectRoot = "";
			targets = (
				5C573ADE279C09FD00435066 /* Calculator */,
			);
		};
/* End PBXProject section */

/* Begin PBXResourcesBuildPhase section */
		5C573ADD279C09FD00435066 /* Resources */ = {
			isa = PBXResourcesBuildPhase;
			buildActionMask = 2147483647;
			files = (
				5C573AEF279C0A0600435066 /* LaunchScreen.storyboard in Resources */,
				5C573AFF279C258A00435066 /* CalculatorViewController.xib in Resources */,
				5C573AEC279C0A0600435066 /* Assets.xcassets in Resources */,
				5C573B0A279C561D00435066 /* calculatorOperationCell.xib in Resources */,
				5C6F85F0279CA7AE00620026 /* CurrencyConverterViewController.xib in Resources */,
			);
			runOnlyForDeploymentPostprocessing = 0;
		};
/* End PBXResourcesBuildPhase section */

/* Begin PBXSourcesBuildPhase section */
		5C573ADB279C09FD00435066 /* Sources */ = {
			isa = PBXSourcesBuildPhase;
			buildActionMask = 2147483647;
			files = (
				5C573AE3279C09FD00435066 /* AppDelegate.swift in Sources */,
				5C573B09279C561D00435066 /* calculatorOperationCell.swift in Sources */,
				5C6F85EF279CA7AE00620026 /* CurrencyConverterViewController.swift in Sources */,
				5C6F85E8279CA55C00620026 /* CustomeTabViewController.swift in Sources */,
				5C573B05279C543600435066 /* CalculatorModel.swift in Sources */,
				5C573AFE279C258A00435066 /* CalculatorViewController.swift in Sources */,
				5C573B02279C518300435066 /* CalculatorPresenter.swift in Sources */,
				5C573AE5279C09FD00435066 /* SceneDelegate.swift in Sources */,
				5CA67CE2279DBC3A009C6E5D /* OperationHandler.swift in Sources */,
			);
			runOnlyForDeploymentPostprocessing = 0;
		};
/* End PBXSourcesBuildPhase section */

/* Begin PBXVariantGroup section */
		5C573AED279C0A0600435066 /* LaunchScreen.storyboard */ = {
			isa = PBXVariantGroup;
			children = (
				5C573AEE279C0A0600435066 /* Base */,
			);
			name = LaunchScreen.storyboard;
			sourceTree = "<group>";
		};
/* End PBXVariantGroup section */

/* Begin XCBuildConfiguration section */
		5C573AF1279C0A0600435066 /* Debug */ = {
			isa = XCBuildConfiguration;
			buildSettings = {
				ALWAYS_SEARCH_USER_PATHS = NO;
				CLANG_ANALYZER_NONNULL = YES;
				CLANG_ANALYZER_NUMBER_OBJECT_CONVERSION = YES_AGGRESSIVE;
				CLANG_CXX_LANGUAGE_STANDARD = "gnu++14";
				CLANG_CXX_LIBRARY = "libc++";
				CLANG_ENABLE_MODULES = YES;
				CLANG_ENABLE_OBJC_ARC = YES;
				CLANG_ENABLE_OBJC_WEAK = YES;
				CLANG_WARN_BLOCK_CAPTURE_AUTORELEASING = YES;
				CLANG_WARN_BOOL_CONVERSION = YES;
				CLANG_WARN_COMMA = YES;
				CLANG_WARN_CONSTANT_CONVERSION = YES;
				CLANG_WARN_DEPRECATED_OBJC_IMPLEMENTATIONS = YES;
				CLANG_WARN_DIRECT_OBJC_ISA_USAGE = YES_ERROR;
				CLANG_WARN_DOCUMENTATION_COMMENTS = YES;
				CLANG_WARN_EMPTY_BODY = YES;
				CLANG_WARN_ENUM_CONVERSION = YES;
				CLANG_WARN_INFINITE_RECURSION = YES;
				CLANG_WARN_INT_CONVERSION = YES;
				CLANG_WARN_NON_LITERAL_NULL_CONVERSION = YES;
				CLANG_WARN_OBJC_IMPLICIT_RETAIN_SELF = YES;
				CLANG_WARN_OBJC_LITERAL_CONVERSION = YES;
				CLANG_WARN_OBJC_ROOT_CLASS = YES_ERROR;
				CLANG_WARN_QUOTED_INCLUDE_IN_FRAMEWORK_HEADER = YES;
				CLANG_WARN_RANGE_LOOP_ANALYSIS = YES;
				CLANG_WARN_STRICT_PROTOTYPES = YES;
				CLANG_WARN_SUSPICIOUS_MOVE = YES;
				CLANG_WARN_UNGUARDED_AVAILABILITY = YES_AGGRESSIVE;
				CLANG_WARN_UNREACHABLE_CODE = YES;
				CLANG_WARN__DUPLICATE_METHOD_MATCH = YES;
				COPY_PHASE_STRIP = NO;
				DEBUG_INFORMATION_FORMAT = dwarf;
				ENABLE_STRICT_OBJC_MSGSEND = YES;
				ENABLE_TESTABILITY = YES;
				GCC_C_LANGUAGE_STANDARD = gnu11;
				GCC_DYNAMIC_NO_PIC = NO;
				GCC_NO_COMMON_BLOCKS = YES;
				GCC_OPTIMIZATION_LEVEL = 0;
				GCC_PREPROCESSOR_DEFINITIONS = (
					"DEBUG=1",
					"$(inherited)",
				);
				GCC_WARN_64_TO_32_BIT_CONVERSION = YES;
				GCC_WARN_ABOUT_RETURN_TYPE = YES_ERROR;
				GCC_WARN_UNDECLARED_SELECTOR = YES;
				GCC_WARN_UNINITIALIZED_AUTOS = YES_AGGRESSIVE;
				GCC_WARN_UNUSED_FUNCTION = YES;
				GCC_WARN_UNUSED_VARIABLE = YES;
				IPHONEOS_DEPLOYMENT_TARGET = 14.4;
				MTL_ENABLE_DEBUG_INFO = INCLUDE_SOURCE;
				MTL_FAST_MATH = YES;
				ONLY_ACTIVE_ARCH = YES;
				SDKROOT = iphoneos;
				SWIFT_ACTIVE_COMPILATION_CONDITIONS = DEBUG;
				SWIFT_OPTIMIZATION_LEVEL = "-Onone";
			};
			name = Debug;
		};
		5C573AF2279C0A0600435066 /* Release */ = {
			isa = XCBuildConfiguration;
			buildSettings = {
				ALWAYS_SEARCH_USER_PATHS = NO;
				CLANG_ANALYZER_NONNULL = YES;
				CLANG_ANALYZER_NUMBER_OBJECT_CONVERSION = YES_AGGRESSIVE;
				CLANG_CXX_LANGUAGE_STANDARD = "gnu++14";
				CLANG_CXX_LIBRARY = "libc++";
				CLANG_ENABLE_MODULES = YES;
				CLANG_ENABLE_OBJC_ARC = YES;
				CLANG_ENABLE_OBJC_WEAK = YES;
				CLANG_WARN_BLOCK_CAPTURE_AUTORELEASING = YES;
				CLANG_WARN_BOOL_CONVERSION = YES;
				CLANG_WARN_COMMA = YES;
				CLANG_WARN_CONSTANT_CONVERSION = YES;
				CLANG_WARN_DEPRECATED_OBJC_IMPLEMENTATIONS = YES;
				CLANG_WARN_DIRECT_OBJC_ISA_USAGE = YES_ERROR;
				CLANG_WARN_DOCUMENTATION_COMMENTS = YES;
				CLANG_WARN_EMPTY_BODY = YES;
				CLANG_WARN_ENUM_CONVERSION = YES;
				CLANG_WARN_INFINITE_RECURSION = YES;
				CLANG_WARN_INT_CONVERSION = YES;
				CLANG_WARN_NON_LITERAL_NULL_CONVERSION = YES;
				CLANG_WARN_OBJC_IMPLICIT_RETAIN_SELF = YES;
				CLANG_WARN_OBJC_LITERAL_CONVERSION = YES;
				CLANG_WARN_OBJC_ROOT_CLASS = YES_ERROR;
				CLANG_WARN_QUOTED_INCLUDE_IN_FRAMEWORK_HEADER = YES;
				CLANG_WARN_RANGE_LOOP_ANALYSIS = YES;
				CLANG_WARN_STRICT_PROTOTYPES = YES;
				CLANG_WARN_SUSPICIOUS_MOVE = YES;
				CLANG_WARN_UNGUARDED_AVAILABILITY = YES_AGGRESSIVE;
				CLANG_WARN_UNREACHABLE_CODE = YES;
				CLANG_WARN__DUPLICATE_METHOD_MATCH = YES;
				COPY_PHASE_STRIP = NO;
				DEBUG_INFORMATION_FORMAT = "dwarf-with-dsym";
				ENABLE_NS_ASSERTIONS = NO;
				ENABLE_STRICT_OBJC_MSGSEND = YES;
				GCC_C_LANGUAGE_STANDARD = gnu11;
				GCC_NO_COMMON_BLOCKS = YES;
				GCC_WARN_64_TO_32_BIT_CONVERSION = YES;
				GCC_WARN_ABOUT_RETURN_TYPE = YES_ERROR;
				GCC_WARN_UNDECLARED_SELECTOR = YES;
				GCC_WARN_UNINITIALIZED_AUTOS = YES_AGGRESSIVE;
				GCC_WARN_UNUSED_FUNCTION = YES;
				GCC_WARN_UNUSED_VARIABLE = YES;
				IPHONEOS_DEPLOYMENT_TARGET = 14.4;
				MTL_ENABLE_DEBUG_INFO = NO;
				MTL_FAST_MATH = YES;
				SDKROOT = iphoneos;
				SWIFT_COMPILATION_MODE = wholemodule;
				SWIFT_OPTIMIZATION_LEVEL = "-O";
				VALIDATE_PRODUCT = YES;
			};
			name = Release;
		};
		5C573AF4279C0A0600435066 /* Debug */ = {
			isa = XCBuildConfiguration;
			buildSettings = {
				ASSETCATALOG_COMPILER_APPICON_NAME = AppIcon;
				ASSETCATALOG_COMPILER_GLOBAL_ACCENT_COLOR_NAME = AccentColor;
				CODE_SIGN_STYLE = Automatic;
				INFOPLIST_FILE = Calculator/Info.plist;
				LD_RUNPATH_SEARCH_PATHS = (
					"$(inherited)",
					"@executable_path/Frameworks",
				);
				PRODUCT_BUNDLE_IDENTIFIER = com.azah.Calculator;
				PRODUCT_NAME = "$(TARGET_NAME)";
				SWIFT_VERSION = 5.0;
				TARGETED_DEVICE_FAMILY = "1,2";
			};
			name = Debug;
		};
		5C573AF5279C0A0600435066 /* Release */ = {
			isa = XCBuildConfiguration;
			buildSettings = {
				ASSETCATALOG_COMPILER_APPICON_NAME = AppIcon;
				ASSETCATALOG_COMPILER_GLOBAL_ACCENT_COLOR_NAME = AccentColor;
				CODE_SIGN_STYLE = Automatic;
				INFOPLIST_FILE = Calculator/Info.plist;
				LD_RUNPATH_SEARCH_PATHS = (
					"$(inherited)",
					"@executable_path/Frameworks",
				);
				PRODUCT_BUNDLE_IDENTIFIER = com.azah.Calculator;
				PRODUCT_NAME = "$(TARGET_NAME)";
				SWIFT_VERSION = 5.0;
				TARGETED_DEVICE_FAMILY = "1,2";
			};
			name = Release;
		};
/* End XCBuildConfiguration section */

/* Begin XCConfigurationList section */
		5C573ADA279C09FD00435066 /* Build configuration list for PBXProject "Calculator" */ = {
			isa = XCConfigurationList;
			buildConfigurations = (
				5C573AF1279C0A0600435066 /* Debug */,
				5C573AF2279C0A0600435066 /* Release */,
			);
			defaultConfigurationIsVisible = 0;
			defaultConfigurationName = Release;
		};
		5C573AF3279C0A0600435066 /* Build configuration list for PBXNativeTarget "Calculator" */ = {
			isa = XCConfigurationList;
			buildConfigurations = (
				5C573AF4279C0A0600435066 /* Debug */,
				5C573AF5279C0A0600435066 /* Release */,
			);
			defaultConfigurationIsVisible = 0;
			defaultConfigurationName = Release;
		};
/* End XCConfigurationList section */
	};
	rootObject = 5C573AD7279C09FD00435066 /* Project object */;
}
